// !$*UTF8*$!
{
	archiveVersion = 1;
	classes = {
	};
	objectVersion = 46;
	objects = {

/* Begin PBXBuildFile section */
		F808156D1A5E78610098EED6 /* tf.framework in Frameworks */ = {isa = PBXBuildFile; fileRef = F808156C1A5E78610098EED6 /* tf.framework */; };
		F808156F1A5E98C80098EED6 /* QuartzCore.framework in Frameworks */ = {isa = PBXBuildFile; fileRef = F808156E1A5E98C70098EED6 /* QuartzCore.framework */; };
		F80815801A5F73560098EED6 /* MRoundedButton.m in Sources */ = {isa = PBXBuildFile; fileRef = F808157F1A5F73550098EED6 /* MRoundedButton.m */; };
		F85E57111A5BD46E0073451E /* main.m in Sources */ = {isa = PBXBuildFile; fileRef = F85E57101A5BD46E0073451E /* main.m */; };
		F85E57141A5BD46E0073451E /* AppDelegate.m in Sources */ = {isa = PBXBuildFile; fileRef = F85E57131A5BD46E0073451E /* AppDelegate.m */; };
		F85E571A1A5BD46E0073451E /* Main.storyboard in Resources */ = {isa = PBXBuildFile; fileRef = F85E57181A5BD46E0073451E /* Main.storyboard */; };
		F85E571C1A5BD46E0073451E /* Images.xcassets in Resources */ = {isa = PBXBuildFile; fileRef = F85E571B1A5BD46E0073451E /* Images.xcassets */; };
		F85E571F1A5BD46E0073451E /* LaunchScreen.xib in Resources */ = {isa = PBXBuildFile; fileRef = F85E571D1A5BD46E0073451E /* LaunchScreen.xib */; };
		F85E572B1A5BD46F0073451E /* RobotMapViewerTests.m in Sources */ = {isa = PBXBuildFile; fileRef = F85E572A1A5BD46F0073451E /* RobotMapViewerTests.m */; };
		F85E57361A5BD60A0073451E /* ConfigurationViewController.mm in Sources */ = {isa = PBXBuildFile; fileRef = F85E57351A5BD60A0073451E /* ConfigurationViewController.mm */; };
		F85E57491A5BD6760073451E /* libiconv.dylib in Frameworks */ = {isa = PBXBuildFile; fileRef = F85E57481A5BD6750073451E /* libiconv.dylib */; };
		F85E574C1A5BF4950073451E /* MapViewController.mm in Sources */ = {isa = PBXBuildFile; fileRef = F85E574B1A5BF4950073451E /* MapViewController.mm */; };
		F85E574F1A5BF4DD0073451E /* RosMapManager.mm in Sources */ = {isa = PBXBuildFile; fileRef = F85E574E1A5BF4DD0073451E /* RosMapManager.mm */; };
		F8FEF5361A5E49660057E283 /* boost.framework in Frameworks */ = {isa = PBXBuildFile; fileRef = F8FEF52E1A5E49660057E283 /* boost.framework */; };
		F8FEF5371A5E49660057E283 /* geometry_msgs.framework in Frameworks */ = {isa = PBXBuildFile; fileRef = F8FEF52F1A5E49660057E283 /* geometry_msgs.framework */; };
		F8FEF5381A5E49660057E283 /* log4cxx.framework in Frameworks */ = {isa = PBXBuildFile; fileRef = F8FEF5301A5E49660057E283 /* log4cxx.framework */; };
		F8FEF5391A5E49660057E283 /* nav_msgs.framework in Frameworks */ = {isa = PBXBuildFile; fileRef = F8FEF5311A5E49660057E283 /* nav_msgs.framework */; };
		F8FEF53A1A5E49660057E283 /* ros.framework in Frameworks */ = {isa = PBXBuildFile; fileRef = F8FEF5321A5E49660057E283 /* ros.framework */; };
		F8FEF53B1A5E49660057E283 /* rosgraph_msgs.framework in Frameworks */ = {isa = PBXBuildFile; fileRef = F8FEF5331A5E49660057E283 /* rosgraph_msgs.framework */; };
		F8FEF53C1A5E49660057E283 /* sensor_msgs.framework in Frameworks */ = {isa = PBXBuildFile; fileRef = F8FEF5341A5E49660057E283 /* sensor_msgs.framework */; };
		F8FEF53D1A5E49660057E283 /* std_msgs.framework in Frameworks */ = {isa = PBXBuildFile; fileRef = F8FEF5351A5E49660057E283 /* std_msgs.framework */; };
		F8FEF5401A5E49FF0057E283 /* UIImage+Bitmap.m in Sources */ = {isa = PBXBuildFile; fileRef = F8FEF53F1A5E49FF0057E283 /* UIImage+Bitmap.m */; };
/* End PBXBuildFile section */

/* Begin PBXContainerItemProxy section */
		F85E57251A5BD46F0073451E /* PBXContainerItemProxy */ = {
			isa = PBXContainerItemProxy;
			containerPortal = F85E57031A5BD46E0073451E /* Project object */;
			proxyType = 1;
			remoteGlobalIDString = F85E570A1A5BD46E0073451E;
			remoteInfo = RobotMapViewer;
		};
/* End PBXContainerItemProxy section */

/* Begin PBXFileReference section */
		F808156C1A5E78610098EED6 /* tf.framework */ = {isa = PBXFileReference; lastKnownFileType = wrapper.framework; path = tf.framework; sourceTree = "<group>"; };
		F808156E1A5E98C70098EED6 /* QuartzCore.framework */ = {isa = PBXFileReference; lastKnownFileType = wrapper.framework; name = QuartzCore.framework; path = System/Library/Frameworks/QuartzCore.framework; sourceTree = SDKROOT; };
		F808157E1A5F73550098EED6 /* MRoundedButton.h */ = {isa = PBXFileReference; fileEncoding = 4; lastKnownFileType = sourcecode.c.h; path = MRoundedButton.h; sourceTree = "<group>"; };
		F808157F1A5F73550098EED6 /* MRoundedButton.m */ = {isa = PBXFileReference; fileEncoding = 4; lastKnownFileType = sourcecode.c.objc; path = MRoundedButton.m; sourceTree = "<group>"; };
		F85E570B1A5BD46E0073451E /* RobotMapViewer.app */ = {isa = PBXFileReference; explicitFileType = wrapper.application; includeInIndex = 0; path = RobotMapViewer.app; sourceTree = BUILT_PRODUCTS_DIR; };
		F85E570F1A5BD46E0073451E /* Info.plist */ = {isa = PBXFileReference; lastKnownFileType = text.plist.xml; path = Info.plist; sourceTree = "<group>"; };
		F85E57101A5BD46E0073451E /* main.m */ = {isa = PBXFileReference; lastKnownFileType = sourcecode.c.objc; path = main.m; sourceTree = "<group>"; };
		F85E57121A5BD46E0073451E /* AppDelegate.h */ = {isa = PBXFileReference; lastKnownFileType = sourcecode.c.h; path = AppDelegate.h; sourceTree = "<group>"; };
		F85E57131A5BD46E0073451E /* AppDelegate.m */ = {isa = PBXFileReference; lastKnownFileType = sourcecode.c.objc; path = AppDelegate.m; sourceTree = "<group>"; };
		F85E57191A5BD46E0073451E /* Base */ = {isa = PBXFileReference; lastKnownFileType = file.storyboard; name = Base; path = Base.lproj/Main.storyboard; sourceTree = "<group>"; };
		F85E571B1A5BD46E0073451E /* Images.xcassets */ = {isa = PBXFileReference; lastKnownFileType = folder.assetcatalog; path = Images.xcassets; sourceTree = "<group>"; };
		F85E571E1A5BD46E0073451E /* Base */ = {isa = PBXFileReference; lastKnownFileType = file.xib; name = Base; path = Base.lproj/LaunchScreen.xib; sourceTree = "<group>"; };
		F85E57241A5BD46F0073451E /* RobotMapViewerTests.xctest */ = {isa = PBXFileReference; explicitFileType = wrapper.cfbundle; includeInIndex = 0; path = RobotMapViewerTests.xctest; sourceTree = BUILT_PRODUCTS_DIR; };
		F85E57291A5BD46F0073451E /* Info.plist */ = {isa = PBXFileReference; lastKnownFileType = text.plist.xml; path = Info.plist; sourceTree = "<group>"; };
		F85E572A1A5BD46F0073451E /* RobotMapViewerTests.m */ = {isa = PBXFileReference; lastKnownFileType = sourcecode.c.objc; path = RobotMapViewerTests.m; sourceTree = "<group>"; };
		F85E57341A5BD60A0073451E /* ConfigurationViewController.h */ = {isa = PBXFileReference; fileEncoding = 4; lastKnownFileType = sourcecode.c.h; path = ConfigurationViewController.h; sourceTree = "<group>"; };
		F85E57351A5BD60A0073451E /* ConfigurationViewController.mm */ = {isa = PBXFileReference; fileEncoding = 4; lastKnownFileType = sourcecode.cpp.objcpp; path = ConfigurationViewController.mm; sourceTree = "<group>"; };
		F85E57481A5BD6750073451E /* libiconv.dylib */ = {isa = PBXFileReference; lastKnownFileType = "compiled.mach-o.dylib"; name = libiconv.dylib; path = usr/lib/libiconv.dylib; sourceTree = SDKROOT; };
		F85E574A1A5BF4950073451E /* MapViewController.h */ = {isa = PBXFileReference; fileEncoding = 4; lastKnownFileType = sourcecode.c.h; path = MapViewController.h; sourceTree = "<group>"; };
		F85E574B1A5BF4950073451E /* MapViewController.mm */ = {isa = PBXFileReference; fileEncoding = 4; lastKnownFileType = sourcecode.cpp.objcpp; path = MapViewController.mm; sourceTree = "<group>"; };
		F85E574D1A5BF4DD0073451E /* RosMapManager.h */ = {isa = PBXFileReference; fileEncoding = 4; lastKnownFileType = sourcecode.c.h; path = RosMapManager.h; sourceTree = "<group>"; };
		F85E574E1A5BF4DD0073451E /* RosMapManager.mm */ = {isa = PBXFileReference; fileEncoding = 4; lastKnownFileType = sourcecode.cpp.objcpp; path = RosMapManager.mm; sourceTree = "<group>"; };
		F8FEF52E1A5E49660057E283 /* boost.framework */ = {isa = PBXFileReference; lastKnownFileType = wrapper.framework; path = boost.framework; sourceTree = "<group>"; };
		F8FEF52F1A5E49660057E283 /* geometry_msgs.framework */ = {isa = PBXFileReference; lastKnownFileType = wrapper.framework; path = geometry_msgs.framework; sourceTree = "<group>"; };
		F8FEF5301A5E49660057E283 /* log4cxx.framework */ = {isa = PBXFileReference; lastKnownFileType = wrapper.framework; path = log4cxx.framework; sourceTree = "<group>"; };
		F8FEF5311A5E49660057E283 /* nav_msgs.framework */ = {isa = PBXFileReference; lastKnownFileType = wrapper.framework; path = nav_msgs.framework; sourceTree = "<group>"; };
		F8FEF5321A5E49660057E283 /* ros.framework */ = {isa = PBXFileReference; lastKnownFileType = wrapper.framework; path = ros.framework; sourceTree = "<group>"; };
		F8FEF5331A5E49660057E283 /* rosgraph_msgs.framework */ = {isa = PBXFileReference; lastKnownFileType = wrapper.framework; path = rosgraph_msgs.framework; sourceTree = "<group>"; };
		F8FEF5341A5E49660057E283 /* sensor_msgs.framework */ = {isa = PBXFileReference; lastKnownFileType = wrapper.framework; path = sensor_msgs.framework; sourceTree = "<group>"; };
		F8FEF5351A5E49660057E283 /* std_msgs.framework */ = {isa = PBXFileReference; lastKnownFileType = wrapper.framework; path = std_msgs.framework; sourceTree = "<group>"; };
		F8FEF53E1A5E49FF0057E283 /* UIImage+Bitmap.h */ = {isa = PBXFileReference; fileEncoding = 4; lastKnownFileType = sourcecode.c.h; path = "UIImage+Bitmap.h"; sourceTree = "<group>"; };
		F8FEF53F1A5E49FF0057E283 /* UIImage+Bitmap.m */ = {isa = PBXFileReference; fileEncoding = 4; lastKnownFileType = sourcecode.c.objc; path = "UIImage+Bitmap.m"; sourceTree = "<group>"; };
/* End PBXFileReference section */

/* Begin PBXFrameworksBuildPhase section */
		F85E57081A5BD46E0073451E /* Frameworks */ = {
			isa = PBXFrameworksBuildPhase;
			buildActionMask = 2147483647;
			files = (
				F808156F1A5E98C80098EED6 /* QuartzCore.framework in Frameworks */,
				F8FEF5361A5E49660057E283 /* boost.framework in Frameworks */,
				F8FEF53A1A5E49660057E283 /* ros.framework in Frameworks */,
				F8FEF5391A5E49660057E283 /* nav_msgs.framework in Frameworks */,
				F8FEF5371A5E49660057E283 /* geometry_msgs.framework in Frameworks */,
				F8FEF53C1A5E49660057E283 /* sensor_msgs.framework in Frameworks */,
				F8FEF5381A5E49660057E283 /* log4cxx.framework in Frameworks */,
				F85E57491A5BD6760073451E /* libiconv.dylib in Frameworks */,
				F8FEF53B1A5E49660057E283 /* rosgraph_msgs.framework in Frameworks */,
				F808156D1A5E78610098EED6 /* tf.framework in Frameworks */,
				F8FEF53D1A5E49660057E283 /* std_msgs.framework in Frameworks */,
			);
			runOnlyForDeploymentPostprocessing = 0;
		};
		F85E57211A5BD46F0073451E /* Frameworks */ = {
			isa = PBXFrameworksBuildPhase;
			buildActionMask = 2147483647;
			files = (
			);
			runOnlyForDeploymentPostprocessing = 0;
		};
/* End PBXFrameworksBuildPhase section */

/* Begin PBXGroup section */
		F80815811A5F735F0098EED6 /* MRoundedButton */ = {
			isa = PBXGroup;
			children = (
				F808157E1A5F73550098EED6 /* MRoundedButton.h */,
				F808157F1A5F73550098EED6 /* MRoundedButton.m */,
			);
			name = MRoundedButton;
			sourceTree = "<group>";
		};
		F85E57021A5BD46E0073451E = {
			isa = PBXGroup;
			children = (
				F85E570D1A5BD46E0073451E /* RobotMapViewer */,
				F85E57271A5BD46F0073451E /* RobotMapViewerTests */,
				F85E570C1A5BD46E0073451E /* Products */,
			);
			sourceTree = "<group>";
		};
		F85E570C1A5BD46E0073451E /* Products */ = {
			isa = PBXGroup;
			children = (
				F85E570B1A5BD46E0073451E /* RobotMapViewer.app */,
				F85E57241A5BD46F0073451E /* RobotMapViewerTests.xctest */,
			);
			name = Products;
			sourceTree = "<group>";
		};
		F85E570D1A5BD46E0073451E /* RobotMapViewer */ = {
			isa = PBXGroup;
			children = (
				F85E57541A5CB8460073451E /* ViewController */,
				F85E57531A5CB82F0073451E /* ROSController */,
				F85E57471A5BD6540073451E /* Frameworks */,
				F85E57121A5BD46E0073451E /* AppDelegate.h */,
				F85E57131A5BD46E0073451E /* AppDelegate.m */,
				F85E57181A5BD46E0073451E /* Main.storyboard */,
				F85E571B1A5BD46E0073451E /* Images.xcassets */,
				F85E571D1A5BD46E0073451E /* LaunchScreen.xib */,
				F85E570E1A5BD46E0073451E /* Supporting Files */,
			);
			path = RobotMapViewer;
			sourceTree = "<group>";
		};
		F85E570E1A5BD46E0073451E /* Supporting Files */ = {
			isa = PBXGroup;
			children = (
				F85E570F1A5BD46E0073451E /* Info.plist */,
				F85E57101A5BD46E0073451E /* main.m */,
			);
			name = "Supporting Files";
			sourceTree = "<group>";
		};
		F85E57271A5BD46F0073451E /* RobotMapViewerTests */ = {
			isa = PBXGroup;
			children = (
				F85E572A1A5BD46F0073451E /* RobotMapViewerTests.m */,
				F85E57281A5BD46F0073451E /* Supporting Files */,
			);
			path = RobotMapViewerTests;
			sourceTree = "<group>";
		};
		F85E57281A5BD46F0073451E /* Supporting Files */ = {
			isa = PBXGroup;
			children = (
				F85E57291A5BD46F0073451E /* Info.plist */,
			);
			name = "Supporting Files";
			sourceTree = "<group>";
		};
		F85E57471A5BD6540073451E /* Frameworks */ = {
			isa = PBXGroup;
			children = (
				F80815811A5F735F0098EED6 /* MRoundedButton */,
				F808156E1A5E98C70098EED6 /* QuartzCore.framework */,
				F808156C1A5E78610098EED6 /* tf.framework */,
				F8FEF52E1A5E49660057E283 /* boost.framework */,
				F8FEF52F1A5E49660057E283 /* geometry_msgs.framework */,
				F8FEF5301A5E49660057E283 /* log4cxx.framework */,
				F8FEF5311A5E49660057E283 /* nav_msgs.framework */,
				F8FEF5321A5E49660057E283 /* ros.framework */,
				F8FEF5331A5E49660057E283 /* rosgraph_msgs.framework */,
				F8FEF5341A5E49660057E283 /* sensor_msgs.framework */,
				F8FEF5351A5E49660057E283 /* std_msgs.framework */,
				F85E57481A5BD6750073451E /* libiconv.dylib */,
			);
			name = Frameworks;
			sourceTree = "<group>";
		};
		F85E57531A5CB82F0073451E /* ROSController */ = {
			isa = PBXGroup;
			children = (
				F85E574D1A5BF4DD0073451E /* RosMapManager.h */,
				F85E574E1A5BF4DD0073451E /* RosMapManager.mm */,
			);
			name = ROSController;
			sourceTree = "<group>";
		};
		F85E57541A5CB8460073451E /* ViewController */ = {
			isa = PBXGroup;
			children = (
				F85E57341A5BD60A0073451E /* ConfigurationViewController.h */,
				F85E57351A5BD60A0073451E /* ConfigurationViewController.mm */,
				F85E574A1A5BF4950073451E /* MapViewController.h */,
				F85E574B1A5BF4950073451E /* MapViewController.mm */,
				F8FEF53E1A5E49FF0057E283 /* UIImage+Bitmap.h */,
				F8FEF53F1A5E49FF0057E283 /* UIImage+Bitmap.m */,
			);
			name = ViewController;
			sourceTree = "<group>";
		};
/* End PBXGroup section */

/* Begin PBXNativeTarget section */
		F85E570A1A5BD46E0073451E /* RobotMapViewer */ = {
			isa = PBXNativeTarget;
			buildConfigurationList = F85E572E1A5BD46F0073451E /* Build configuration list for PBXNativeTarget "RobotMapViewer" */;
			buildPhases = (
				F85E57071A5BD46E0073451E /* Sources */,
				F85E57081A5BD46E0073451E /* Frameworks */,
				F85E57091A5BD46E0073451E /* Resources */,
			);
			buildRules = (
			);
			dependencies = (
			);
			name = RobotMapViewer;
			productName = RobotMapViewer;
			productReference = F85E570B1A5BD46E0073451E /* RobotMapViewer.app */;
			productType = "com.apple.product-type.application";
		};
		F85E57231A5BD46F0073451E /* RobotMapViewerTests */ = {
			isa = PBXNativeTarget;
			buildConfigurationList = F85E57311A5BD46F0073451E /* Build configuration list for PBXNativeTarget "RobotMapViewerTests" */;
			buildPhases = (
				F85E57201A5BD46F0073451E /* Sources */,
				F85E57211A5BD46F0073451E /* Frameworks */,
				F85E57221A5BD46F0073451E /* Resources */,
			);
			buildRules = (
			);
			dependencies = (
				F85E57261A5BD46F0073451E /* PBXTargetDependency */,
			);
			name = RobotMapViewerTests;
			productName = RobotMapViewerTests;
			productReference = F85E57241A5BD46F0073451E /* RobotMapViewerTests.xctest */;
			productType = "com.apple.product-type.bundle.unit-test";
		};
/* End PBXNativeTarget section */

/* Begin PBXProject section */
		F85E57031A5BD46E0073451E /* Project object */ = {
			isa = PBXProject;
			attributes = {
				LastUpgradeCheck = 0610;
				ORGANIZATIONNAME = "JSK Lab.";
				TargetAttributes = {
					F85E570A1A5BD46E0073451E = {
						CreatedOnToolsVersion = 6.1.1;
						DevelopmentTeam = MQCJ3ZHHUS;
					};
					F85E57231A5BD46F0073451E = {
						CreatedOnToolsVersion = 6.1.1;
						TestTargetID = F85E570A1A5BD46E0073451E;
					};
				};
			};
			buildConfigurationList = F85E57061A5BD46E0073451E /* Build configuration list for PBXProject "RobotMapViewer" */;
			compatibilityVersion = "Xcode 3.2";
			developmentRegion = English;
			hasScannedForEncodings = 0;
			knownRegions = (
				en,
				Base,
			);
			mainGroup = F85E57021A5BD46E0073451E;
			productRefGroup = F85E570C1A5BD46E0073451E /* Products */;
			projectDirPath = "";
			projectRoot = "";
			targets = (
				F85E570A1A5BD46E0073451E /* RobotMapViewer */,
				F85E57231A5BD46F0073451E /* RobotMapViewerTests */,
			);
		};
/* End PBXProject section */

/* Begin PBXResourcesBuildPhase section */
		F85E57091A5BD46E0073451E /* Resources */ = {
			isa = PBXResourcesBuildPhase;
			buildActionMask = 2147483647;
			files = (
				F85E571A1A5BD46E0073451E /* Main.storyboard in Resources */,
				F85E571F1A5BD46E0073451E /* LaunchScreen.xib in Resources */,
				F85E571C1A5BD46E0073451E /* Images.xcassets in Resources */,
			);
			runOnlyForDeploymentPostprocessing = 0;
		};
		F85E57221A5BD46F0073451E /* Resources */ = {
			isa = PBXResourcesBuildPhase;
			buildActionMask = 2147483647;
			files = (
			);
			runOnlyForDeploymentPostprocessing = 0;
		};
/* End PBXResourcesBuildPhase section */

/* Begin PBXSourcesBuildPhase section */
		F85E57071A5BD46E0073451E /* Sources */ = {
			isa = PBXSourcesBuildPhase;
			buildActionMask = 2147483647;
			files = (
				F80815801A5F73560098EED6 /* MRoundedButton.m in Sources */,
				F85E57141A5BD46E0073451E /* AppDelegate.m in Sources */,
				F85E574F1A5BF4DD0073451E /* RosMapManager.mm in Sources */,
				F85E57111A5BD46E0073451E /* main.m in Sources */,
				F85E57361A5BD60A0073451E /* ConfigurationViewController.mm in Sources */,
				F8FEF5401A5E49FF0057E283 /* UIImage+Bitmap.m in Sources */,
				F85E574C1A5BF4950073451E /* MapViewController.mm in Sources */,
			);
			runOnlyForDeploymentPostprocessing = 0;
		};
		F85E57201A5BD46F0073451E /* Sources */ = {
			isa = PBXSourcesBuildPhase;
			buildActionMask = 2147483647;
			files = (
				F85E572B1A5BD46F0073451E /* RobotMapViewerTests.m in Sources */,
			);
			runOnlyForDeploymentPostprocessing = 0;
		};
/* End PBXSourcesBuildPhase section */

/* Begin PBXTargetDependency section */
		F85E57261A5BD46F0073451E /* PBXTargetDependency */ = {
			isa = PBXTargetDependency;
			target = F85E570A1A5BD46E0073451E /* RobotMapViewer */;
			targetProxy = F85E57251A5BD46F0073451E /* PBXContainerItemProxy */;
		};
/* End PBXTargetDependency section */

/* Begin PBXVariantGroup section */
		F85E57181A5BD46E0073451E /* Main.storyboard */ = {
			isa = PBXVariantGroup;
			children = (
				F85E57191A5BD46E0073451E /* Base */,
			);
			name = Main.storyboard;
			sourceTree = "<group>";
		};
		F85E571D1A5BD46E0073451E /* LaunchScreen.xib */ = {
			isa = PBXVariantGroup;
			children = (
				F85E571E1A5BD46E0073451E /* Base */,
			);
			name = LaunchScreen.xib;
			sourceTree = "<group>";
		};
/* End PBXVariantGroup section */

/* Begin XCBuildConfiguration section */
		F85E572C1A5BD46F0073451E /* Debug */ = {
			isa = XCBuildConfiguration;
			buildSettings = {
				ALWAYS_SEARCH_USER_PATHS = NO;
				CLANG_CXX_LANGUAGE_STANDARD = "gnu++0x";
				CLANG_CXX_LIBRARY = "libc++";
				CLANG_ENABLE_MODULES = YES;
				CLANG_ENABLE_OBJC_ARC = YES;
				CLANG_WARN_BOOL_CONVERSION = YES;
				CLANG_WARN_CONSTANT_CONVERSION = YES;
				CLANG_WARN_DIRECT_OBJC_ISA_USAGE = YES_ERROR;
				CLANG_WARN_EMPTY_BODY = YES;
				CLANG_WARN_ENUM_CONVERSION = YES;
				CLANG_WARN_INT_CONVERSION = YES;
				CLANG_WARN_OBJC_ROOT_CLASS = YES_ERROR;
				CLANG_WARN_UNREACHABLE_CODE = YES;
				CLANG_WARN__DUPLICATE_METHOD_MATCH = YES;
				"CODE_SIGN_IDENTITY[sdk=iphoneos*]" = "iPhone Developer";
				COPY_PHASE_STRIP = NO;
				ENABLE_STRICT_OBJC_MSGSEND = YES;
				GCC_C_LANGUAGE_STANDARD = gnu99;
				GCC_DYNAMIC_NO_PIC = NO;
				GCC_OPTIMIZATION_LEVEL = 0;
				GCC_PREPROCESSOR_DEFINITIONS = (
					"DEBUG=1",
					"$(inherited)",
				);
				GCC_SYMBOLS_PRIVATE_EXTERN = NO;
				GCC_WARN_64_TO_32_BIT_CONVERSION = YES;
				GCC_WARN_ABOUT_RETURN_TYPE = YES_ERROR;
				GCC_WARN_UNDECLARED_SELECTOR = YES;
				GCC_WARN_UNINITIALIZED_AUTOS = YES_AGGRESSIVE;
				GCC_WARN_UNUSED_FUNCTION = YES;
				GCC_WARN_UNUSED_VARIABLE = YES;
				IPHONEOS_DEPLOYMENT_TARGET = 8.1;
				MTL_ENABLE_DEBUG_INFO = YES;
				ONLY_ACTIVE_ARCH = YES;
				SDKROOT = iphoneos;
			};
			name = Debug;
		};
		F85E572D1A5BD46F0073451E /* Release */ = {
			isa = XCBuildConfiguration;
			buildSettings = {
				ALWAYS_SEARCH_USER_PATHS = NO;
				CLANG_CXX_LANGUAGE_STANDARD = "gnu++0x";
				CLANG_CXX_LIBRARY = "libc++";
				CLANG_ENABLE_MODULES = YES;
				CLANG_ENABLE_OBJC_ARC = YES;
				CLANG_WARN_BOOL_CONVERSION = YES;
				CLANG_WARN_CONSTANT_CONVERSION = YES;
				CLANG_WARN_DIRECT_OBJC_ISA_USAGE = YES_ERROR;
				CLANG_WARN_EMPTY_BODY = YES;
				CLANG_WARN_ENUM_CONVERSION = YES;
				CLANG_WARN_INT_CONVERSION = YES;
				CLANG_WARN_OBJC_ROOT_CLASS = YES_ERROR;
				CLANG_WARN_UNREACHABLE_CODE = YES;
				CLANG_WARN__DUPLICATE_METHOD_MATCH = YES;
				"CODE_SIGN_IDENTITY[sdk=iphoneos*]" = "iPhone Developer";
				COPY_PHASE_STRIP = YES;
				ENABLE_NS_ASSERTIONS = NO;
				ENABLE_STRICT_OBJC_MSGSEND = YES;
				GCC_C_LANGUAGE_STANDARD = gnu99;
				GCC_WARN_64_TO_32_BIT_CONVERSION = YES;
				GCC_WARN_ABOUT_RETURN_TYPE = YES_ERROR;
				GCC_WARN_UNDECLARED_SELECTOR = YES;
				GCC_WARN_UNINITIALIZED_AUTOS = YES_AGGRESSIVE;
				GCC_WARN_UNUSED_FUNCTION = YES;
				GCC_WARN_UNUSED_VARIABLE = YES;
				IPHONEOS_DEPLOYMENT_TARGET = 8.1;
				MTL_ENABLE_DEBUG_INFO = NO;
				SDKROOT = iphoneos;
				VALIDATE_PRODUCT = YES;
			};
			name = Release;
		};
		F85E572F1A5BD46F0073451E /* Debug */ = {
			isa = XCBuildConfiguration;
			buildSettings = {
				ASSETCATALOG_COMPILER_APPICON_NAME = AppIcon;
				CODE_SIGN_IDENTITY = "iPhone Developer";
				"CODE_SIGN_IDENTITY[sdk=iphoneos*]" = "iPhone Developer";
				FRAMEWORK_SEARCH_PATHS = (
					"$(inherited)",
					"$(PROJECT_DIR)/RobotMapViewer",
				);
				INFOPLIST_FILE = RobotMapViewer/Info.plist;
				IPHONEOS_DEPLOYMENT_TARGET = 7.0;
				LD_RUNPATH_SEARCH_PATHS = "$(inherited) @executable_path/Frameworks";
				PRODUCT_NAME = "$(TARGET_NAME)";
				PROVISIONING_PROFILE = "";
				TARGETED_DEVICE_FAMILY = "1,2";
			};
			name = Debug;
		};
		F85E57301A5BD46F0073451E /* Release */ = {
			isa = XCBuildConfiguration;
			buildSettings = {
				ASSETCATALOG_COMPILER_APPICON_NAME = AppIcon;
				CODE_SIGN_IDENTITY = "iPhone Developer";
				"CODE_SIGN_IDENTITY[sdk=iphoneos*]" = "iPhone Developer";
				FRAMEWORK_SEARCH_PATHS = (
					"$(inherited)",
					"$(PROJECT_DIR)/RobotMapViewer",
				);
				INFOPLIST_FILE = RobotMapViewer/Info.plist;
				IPHONEOS_DEPLOYMENT_TARGET = 7.0;
				LD_RUNPATH_SEARCH_PATHS = "$(inherited) @executable_path/Frameworks";
				PRODUCT_NAME = "$(TARGET_NAME)";
				PROVISIONING_PROFILE = "";
				TARGETED_DEVICE_FAMILY = "1,2";
			};
			name = Release;
		};
		F85E57321A5BD46F0073451E /* Debug */ = {
			isa = XCBuildConfiguration;
			buildSettings = {
				BUNDLE_LOADER = "$(TEST_HOST)";
				FRAMEWORK_SEARCH_PATHS = (
					"$(SDKROOT)/Developer/Library/Frameworks",
					"$(inherited)",
				);
				GCC_PREPROCESSOR_DEFINITIONS = (
					"DEBUG=1",
					"$(inherited)",
				);
				INFOPLIST_FILE = RobotMapViewerTests/Info.plist;
				LD_RUNPATH_SEARCH_PATHS = "$(inherited) @executable_path/Frameworks @loader_path/Frameworks";
				PRODUCT_NAME = "$(TARGET_NAME)";
				TEST_HOST = "$(BUILT_PRODUCTS_DIR)/RobotMapViewer.app/RobotMapViewer";
			};
			name = Debug;
		};
		F85E57331A5BD46F0073451E /* Release */ = {
			isa = XCBuildConfiguration;
			buildSettings = {
				BUNDLE_LOADER = "$(TEST_HOST)";
				FRAMEWORK_SEARCH_PATHS = (
					"$(SDKROOT)/Developer/Library/Frameworks",
					"$(inherited)",
				);
				INFOPLIST_FILE = RobotMapViewerTests/Info.plist;
				LD_RUNPATH_SEARCH_PATHS = "$(inherited) @executable_path/Frameworks @loader_path/Frameworks";
				PRODUCT_NAME = "$(TARGET_NAME)";
				TEST_HOST = "$(BUILT_PRODUCTS_DIR)/RobotMapViewer.app/RobotMapViewer";
			};
			name = Release;
		};
/* End XCBuildConfiguration section */

/* Begin XCConfigurationList section */
		F85E57061A5BD46E0073451E /* Build configuration list for PBXProject "RobotMapViewer" */ = {
			isa = XCConfigurationList;
			buildConfigurations = (
				F85E572C1A5BD46F0073451E /* Debug */,
				F85E572D1A5BD46F0073451E /* Release */,
			);
			defaultConfigurationIsVisible = 0;
			defaultConfigurationName = Release;
		};
		F85E572E1A5BD46F0073451E /* Build configuration list for PBXNativeTarget "RobotMapViewer" */ = {
			isa = XCConfigurationList;
			buildConfigurations = (
				F85E572F1A5BD46F0073451E /* Debug */,
				F85E57301A5BD46F0073451E /* Release */,
			);
			defaultConfigurationIsVisible = 0;
			defaultConfigurationName = Release;
		};
		F85E57311A5BD46F0073451E /* Build configuration list for PBXNativeTarget "RobotMapViewerTests" */ = {
			isa = XCConfigurationList;
			buildConfigurations = (
				F85E57321A5BD46F0073451E /* Debug */,
				F85E57331A5BD46F0073451E /* Release */,
			);
			defaultConfigurationIsVisible = 0;
			defaultConfigurationName = Release;
		};
/* End XCConfigurationList section */
	};
	rootObject = F85E57031A5BD46E0073451E /* Project object */;
}
